
Microsoft Visual Studio Solution File, Format Version 12.00
# Visual Studio Version 17
VisualStudioVersion = 17.9.34607.119
MinimumVisualStudioVersion = 10.0.40219.1
Project("{9A19103F-16F7-4668-BE54-9A1E7A4F7556}") = "BeastBattler.Backend.WebAPI", "BeastBattler.Backend.WebAPI\BeastBattler.Backend.WebAPI.csproj", "{93891B8F-146F-49CF-BF8A-D84E1D264128}"
EndProject
Project("{9A19103F-16F7-4668-BE54-9A1E7A4F7556}") = "BeastBattler.Shared", "BeastBattler.Shared\BeastBattler.Shared.csproj", "{60473F25-D70B-40B1-9A25-B28BC54EF8A6}"
EndProject
Project("{FAE04EC0-301F-11D3-BF4B-00C04F79EFBC}") = "BeastBattler.Backend.Database", "BeastBattler.Backend.Database\BeastBattler.Backend.Database.csproj", "{EC6AE0CC-6340-4301-BDF0-ABFAA248AC9A}"
EndProject
Project("{FAE04EC0-301F-11D3-BF4B-00C04F79EFBC}") = "BeastBattler.Client.Mobile", "BeastBattler.Client.Mobile\BeastBattler.Client.Mobile.csproj", "{0CA2C992-B49B-496D-97DD-5ADD00D6AB08}"
EndProject
Global
	GlobalSection(SolutionConfigurationPlatforms) = preSolution
		Debug|Any CPU = Debug|Any CPU
		Release|Any CPU = Release|Any CPU
	EndGlobalSection
	GlobalSection(ProjectConfigurationPlatforms) = postSolution
		{93891B8F-146F-49CF-BF8A-D84E1D264128}.Debug|Any CPU.ActiveCfg = Debug|Any CPU
		{93891B8F-146F-49CF-BF8A-D84E1D264128}.Debug|Any CPU.Build.0 = Debug|Any CPU
		{93891B8F-146F-49CF-BF8A-D84E1D264128}.Release|Any CPU.ActiveCfg = Release|Any CPU
		{93891B8F-146F-49CF-BF8A-D84E1D264128}.Release|Any CPU.Build.0 = Release|Any CPU
		{60473F25-D70B-40B1-9A25-B28BC54EF8A6}.Debug|Any CPU.ActiveCfg = Debug|Any CPU
		{60473F25-D70B-40B1-9A25-B28BC54EF8A6}.Debug|Any CPU.Build.0 = Debug|Any CPU
		{60473F25-D70B-40B1-9A25-B28BC54EF8A6}.Release|Any CPU.ActiveCfg = Release|Any CPU
		{60473F25-D70B-40B1-9A25-B28BC54EF8A6}.Release|Any CPU.Build.0 = Release|Any CPU
		{EC6AE0CC-6340-4301-BDF0-ABFAA248AC9A}.Debug|Any CPU.ActiveCfg = Debug|Any CPU
		{EC6AE0CC-6340-4301-BDF0-ABFAA248AC9A}.Debug|Any CPU.Build.0 = Debug|Any CPU
		{EC6AE0CC-6340-4301-BDF0-ABFAA248AC9A}.Release|Any CPU.ActiveCfg = Release|Any CPU
		{EC6AE0CC-6340-4301-BDF0-ABFAA248AC9A}.Release|Any CPU.Build.0 = Release|Any CPU
		{0CA2C992-B49B-496D-97DD-5ADD00D6AB08}.Debug|Any CPU.ActiveCfg = Debug|Any CPU
		{0CA2C992-B49B-496D-97DD-5ADD00D6AB08}.Debug|Any CPU.Build.0 = Debug|Any CPU
		{0CA2C992-B49B-496D-97DD-5ADD00D6AB08}.Debug|Any CPU.Deploy.0 = Debug|Any CPU
		{0CA2C992-B49B-496D-97DD-5ADD00D6AB08}.Release|Any CPU.ActiveCfg = Release|Any CPU
		{0CA2C992-B49B-496D-97DD-5ADD00D6AB08}.Release|Any CPU.Build.0 = Release|Any CPU
		{0CA2C992-B49B-496D-97DD-5ADD00D6AB08}.Release|Any CPU.Deploy.0 = Release|Any CPU
	EndGlobalSection
	GlobalSection(SolutionProperties) = preSolution
		HideSolutionNode = FALSE
	EndGlobalSection
	GlobalSection(ExtensibilityGlobals) = postSolution
		SolutionGuid = {B88B6C11-EAEB-42CE-B02E-7E49005CBF98}
	EndGlobalSection
EndGlobal
